
Microsoft Visual Studio Solution File, Format Version 10.00
# Visual Studio 2008
Project("{F184B08F-C81C-45F6-A57F-5ABD9991F28F}") = "Master", "Master\Master.vbproj", "{9D86759E-5E77-439C-9D6A-4D139E9A22E7}"
EndProject
Project("{F184B08F-C81C-45F6-A57F-5ABD9991F28F}") = "EventSakusei", "EventSakusei\EventSakusei.vbproj", "{DA500BB8-E00F-45F6-B5F8-C1DB549F7DAD}"
EndProject
Project("{F184B08F-C81C-45F6-A57F-5ABD9991F28F}") = "Login", "Login\Login.vbproj", "{035BE784-620F-4CDE-8772-4410EB54BAF0}"
EndProject
Project("{F184B08F-C81C-45F6-A57F-5ABD9991F28F}") = "ShisakuCommon", "ShisakuCommon\ShisakuCommon.vbproj", "{27D1C542-BF21-4134-8008-E62C51223A8F}"
EndProject
Project("{F184B08F-C81C-45F6-A57F-5ABD9991F28F}") = "ExcelOutput", "ExcelOutput\ExcelOutput.vbproj", "{B1793ACE-A2AB-4FA7-B3EC-357F41377DA9}"
EndProject
Project("{2150E333-8FDC-42A3-9474-1A3956D46DE8}") = "EBom", "EBom", "{6B09F32F-A371-4121-B179-04BBBCD7E818}"
EndProject
Project("{F184B08F-C81C-45F6-A57F-5ABD9991F28F}") = "EBom.Common", "..\EBom\EBom.Common\EBom.Common.vbproj", "{29E17643-D649-4CC9-AE80-EE012A3E1B5A}"
EndProject
Project("{F184B08F-C81C-45F6-A57F-5ABD9991F28F}") = "EBom.Controls", "..\EBom\EBom.Controls\EBom.Controls.vbproj", "{5619A458-D60E-43C2-9C31-D822FE59BFC9}"
EndProject
Project("{F184B08F-C81C-45F6-A57F-5ABD9991F28F}") = "EBom.Data", "..\EBom\EBom.Data\EBom.Data.vbproj", "{F43CD69D-B548-4077-9FD7-6BC29B9E3453}"
EndProject
Project("{F184B08F-C81C-45F6-A57F-5ABD9991F28F}") = "EBom.Excel", "..\EBom\EBom.Excel\EBom.Excel.vbproj", "{DC46BF1E-4CC7-416F-B5C3-BA5B455BF4E0}"
EndProject
Project("{F184B08F-C81C-45F6-A57F-5ABD9991F28F}") = "EBom.FpSpread", "..\EBom\EBom.FpSpread\EBom.FpSpread.vbproj", "{4EDBFCFB-A2F6-4E58-A394-B7992CEE8578}"
EndProject
Project("{2150E333-8FDC-42A3-9474-1A3956D46DE8}") = "EBomMenu", "EBomMenu", "{015A3658-D46B-40F5-B747-B631E1327E7C}"
EndProject
Project("{F184B08F-C81C-45F6-A57F-5ABD9991F28F}") = "EBomMenu", "..\EBomMenu\EBomMenu\EBomMenu.vbproj", "{7652E497-AE00-4961-8FAC-411D3E44202F}"
EndProject
Project("{F184B08F-C81C-45F6-A57F-5ABD9991F28F}") = "EBomMenu.Authentication", "..\EBomMenu\EBomMenu.Authentication\EBomMenu.Authentication.vbproj", "{7C5438A8-EFEB-4A3C-9151-DC43D67FCF49}"
EndProject
Project("{F184B08F-C81C-45F6-A57F-5ABD9991F28F}") = "EBomMenu.ChangeEnv", "..\EBomMenu\EBomMenu.ChageEnv\EBomMenu.ChangeEnv.vbproj", "{DE94FC74-86B0-4177-A170-00A5960A2014}"
EndProject
Project("{F184B08F-C81C-45F6-A57F-5ABD9991F28F}") = "ShisakuCommon.Tests", "ShisakuCommon.Tests\ShisakuCommon.Tests.vbproj", "{5E811465-F3F2-4A8E-B9DA-6CA87F396852}"
EndProject
Project("{2150E333-8FDC-42A3-9474-1A3956D46DE8}") = "Solution Items", "Solution Items", "{83B72000-D382-44B8-A15F-A0E81738B50F}"
	ProjectSection(SolutionItems) = preProject
		LocalTestRun.testrunconfig = LocalTestRun.testrunconfig
		TrialManufacture.vsmdi = TrialManufacture.vsmdi
		TrialManufacture1.vsmdi = TrialManufacture1.vsmdi
		TrialManufacture2.vsmdi = TrialManufacture2.vsmdi
		TrialManufacture3.vsmdi = TrialManufacture3.vsmdi
	EndProjectSection
EndProject
Project("{F184B08F-C81C-45F6-A57F-5ABD9991F28F}") = "SendMail", "SendMail\SendMail.vbproj", "{65871C34-484B-4F9C-B30A-A80FE6DB3EF2}"
EndProject
Project("{F184B08F-C81C-45F6-A57F-5ABD9991F28F}") = "YakanSekkeiTenakai", "YakanSekkeiTenakai\YakanSekkeiTenakai.vbproj", "{0067C14F-A8A1-4EEB-B0B6-BB0F86559EBF}"
	ProjectSection(ProjectDependencies) = postProject
		{65871C34-484B-4F9C-B30A-A80FE6DB3EF2} = {65871C34-484B-4F9C-B30A-A80FE6DB3EF2}
		{27D1C542-BF21-4134-8008-E62C51223A8F} = {27D1C542-BF21-4134-8008-E62C51223A8F}
		{29E17643-D649-4CC9-AE80-EE012A3E1B5A} = {29E17643-D649-4CC9-AE80-EE012A3E1B5A}
		{F43CD69D-B548-4077-9FD7-6BC29B9E3453} = {F43CD69D-B548-4077-9FD7-6BC29B9E3453}
	EndProjectSection
EndProject
Project("{F184B08F-C81C-45F6-A57F-5ABD9991F28F}") = "YosansyoTool", "YosansyoTool\YosansyoTool.vbproj", "{E0A5A9E4-CEFA-453C-8A7F-9CD7F757EDB5}"
EndProject
Global
	GlobalSection(SolutionConfigurationPlatforms) = preSolution
		Debug|Any CPU = Debug|Any CPU
		Debug|x86 = Debug|x86
		Release|Any CPU = Release|Any CPU
		Release|x86 = Release|x86
	EndGlobalSection
	GlobalSection(ProjectConfigurationPlatforms) = postSolution
		{9D86759E-5E77-439C-9D6A-4D139E9A22E7}.Debug|Any CPU.ActiveCfg = Debug|Any CPU
		{9D86759E-5E77-439C-9D6A-4D139E9A22E7}.Debug|Any CPU.Build.0 = Debug|Any CPU
		{9D86759E-5E77-439C-9D6A-4D139E9A22E7}.Debug|x86.ActiveCfg = Debug|x86
		{9D86759E-5E77-439C-9D6A-4D139E9A22E7}.Debug|x86.Build.0 = Debug|x86
		{9D86759E-5E77-439C-9D6A-4D139E9A22E7}.Release|Any CPU.ActiveCfg = Release|Any CPU
		{9D86759E-5E77-439C-9D6A-4D139E9A22E7}.Release|Any CPU.Build.0 = Release|Any CPU
		{9D86759E-5E77-439C-9D6A-4D139E9A22E7}.Release|x86.ActiveCfg = Release|x86
		{9D86759E-5E77-439C-9D6A-4D139E9A22E7}.Release|x86.Build.0 = Release|x86
		{DA500BB8-E00F-45F6-B5F8-C1DB549F7DAD}.Debug|Any CPU.ActiveCfg = Debug|Any CPU
		{DA500BB8-E00F-45F6-B5F8-C1DB549F7DAD}.Debug|Any CPU.Build.0 = Debug|Any CPU
		{DA500BB8-E00F-45F6-B5F8-C1DB549F7DAD}.Debug|x86.ActiveCfg = Debug|x86
		{DA500BB8-E00F-45F6-B5F8-C1DB549F7DAD}.Debug|x86.Build.0 = Debug|x86
		{DA500BB8-E00F-45F6-B5F8-C1DB549F7DAD}.Release|Any CPU.ActiveCfg = Release|Any CPU
		{DA500BB8-E00F-45F6-B5F8-C1DB549F7DAD}.Release|Any CPU.Build.0 = Release|Any CPU
		{DA500BB8-E00F-45F6-B5F8-C1DB549F7DAD}.Release|x86.ActiveCfg = Release|x86
		{DA500BB8-E00F-45F6-B5F8-C1DB549F7DAD}.Release|x86.Build.0 = Release|x86
		{035BE784-620F-4CDE-8772-4410EB54BAF0}.Debug|Any CPU.ActiveCfg = Debug|Any CPU
		{035BE784-620F-4CDE-8772-4410EB54BAF0}.Debug|Any CPU.Build.0 = Debug|Any CPU
		{035BE784-620F-4CDE-8772-4410EB54BAF0}.Debug|x86.ActiveCfg = Debug|x86
		{035BE784-620F-4CDE-8772-4410EB54BAF0}.Debug|x86.Build.0 = Debug|x86
		{035BE784-620F-4CDE-8772-4410EB54BAF0}.Release|Any CPU.ActiveCfg = Release|Any CPU
		{035BE784-620F-4CDE-8772-4410EB54BAF0}.Release|Any CPU.Build.0 = Release|Any CPU
		{035BE784-620F-4CDE-8772-4410EB54BAF0}.Release|x86.ActiveCfg = Release|x86
		{035BE784-620F-4CDE-8772-4410EB54BAF0}.Release|x86.Build.0 = Release|x86
		{27D1C542-BF21-4134-8008-E62C51223A8F}.Debug|Any CPU.ActiveCfg = Debug|Any CPU
		{27D1C542-BF21-4134-8008-E62C51223A8F}.Debug|Any CPU.Build.0 = Debug|Any CPU
		{27D1C542-BF21-4134-8008-E62C51223A8F}.Debug|x86.ActiveCfg = Debug|x86
		{27D1C542-BF21-4134-8008-E62C51223A8F}.Debug|x86.Build.0 = Debug|x86
		{27D1C542-BF21-4134-8008-E62C51223A8F}.Release|Any CPU.ActiveCfg = Release|Any CPU
		{27D1C542-BF21-4134-8008-E62C51223A8F}.Release|Any CPU.Build.0 = Release|Any CPU
		{27D1C542-BF21-4134-8008-E62C51223A8F}.Release|x86.ActiveCfg = Release|x86
		{27D1C542-BF21-4134-8008-E62C51223A8F}.Release|x86.Build.0 = Release|x86
		{B1793ACE-A2AB-4FA7-B3EC-357F41377DA9}.Debug|Any CPU.ActiveCfg = Debug|Any CPU
		{B1793ACE-A2AB-4FA7-B3EC-357F41377DA9}.Debug|Any CPU.Build.0 = Debug|Any CPU
		{B1793ACE-A2AB-4FA7-B3EC-357F41377DA9}.Debug|x86.ActiveCfg = Debug|x86
		{B1793ACE-A2AB-4FA7-B3EC-357F41377DA9}.Debug|x86.Build.0 = Debug|x86
		{B1793ACE-A2AB-4FA7-B3EC-357F41377DA9}.Release|Any CPU.ActiveCfg = Release|Any CPU
		{B1793ACE-A2AB-4FA7-B3EC-357F41377DA9}.Release|Any CPU.Build.0 = Release|Any CPU
		{B1793ACE-A2AB-4FA7-B3EC-357F41377DA9}.Release|x86.ActiveCfg = Release|x86
		{B1793ACE-A2AB-4FA7-B3EC-357F41377DA9}.Release|x86.Build.0 = Release|x86
		{29E17643-D649-4CC9-AE80-EE012A3E1B5A}.Debug|Any CPU.ActiveCfg = Debug|Any CPU
		{29E17643-D649-4CC9-AE80-EE012A3E1B5A}.Debug|Any CPU.Build.0 = Debug|Any CPU
		{29E17643-D649-4CC9-AE80-EE012A3E1B5A}.Debug|x86.ActiveCfg = Debug|Any CPU
		{29E17643-D649-4CC9-AE80-EE012A3E1B5A}.Release|Any CPU.ActiveCfg = Release|Any CPU
		{29E17643-D649-4CC9-AE80-EE012A3E1B5A}.Release|Any CPU.Build.0 = Release|Any CPU
		{29E17643-D649-4CC9-AE80-EE012A3E1B5A}.Release|x86.ActiveCfg = Release|Any CPU
		{5619A458-D60E-43C2-9C31-D822FE59BFC9}.Debug|Any CPU.ActiveCfg = Debug|Any CPU
		{5619A458-D60E-43C2-9C31-D822FE59BFC9}.Debug|Any CPU.Build.0 = Debug|Any CPU
		{5619A458-D60E-43C2-9C31-D822FE59BFC9}.Debug|x86.ActiveCfg = Debug|x86
		{5619A458-D60E-43C2-9C31-D822FE59BFC9}.Debug|x86.Build.0 = Debug|x86
		{5619A458-D60E-43C2-9C31-D822FE59BFC9}.Release|Any CPU.ActiveCfg = Release|Any CPU
		{5619A458-D60E-43C2-9C31-D822FE59BFC9}.Release|Any CPU.Build.0 = Release|Any CPU
		{5619A458-D60E-43C2-9C31-D822FE59BFC9}.Release|x86.ActiveCfg = Release|x86
		{5619A458-D60E-43C2-9C31-D822FE59BFC9}.Release|x86.Build.0 = Release|x86
		{F43CD69D-B548-4077-9FD7-6BC29B9E3453}.Debug|Any CPU.ActiveCfg = Debug|Any CPU
		{F43CD69D-B548-4077-9FD7-6BC29B9E3453}.Debug|Any CPU.Build.0 = Debug|Any CPU
		{F43CD69D-B548-4077-9FD7-6BC29B9E3453}.Debug|x86.ActiveCfg = Debug|x86
		{F43CD69D-B548-4077-9FD7-6BC29B9E3453}.Debug|x86.Build.0 = Debug|x86
		{F43CD69D-B548-4077-9FD7-6BC29B9E3453}.Release|Any CPU.ActiveCfg = Release|Any CPU
		{F43CD69D-B548-4077-9FD7-6BC29B9E3453}.Release|Any CPU.Build.0 = Release|Any CPU
		{F43CD69D-B548-4077-9FD7-6BC29B9E3453}.Release|x86.ActiveCfg = Release|x86
		{F43CD69D-B548-4077-9FD7-6BC29B9E3453}.Release|x86.Build.0 = Release|x86
		{DC46BF1E-4CC7-416F-B5C3-BA5B455BF4E0}.Debug|Any CPU.ActiveCfg = Debug|Any CPU
		{DC46BF1E-4CC7-416F-B5C3-BA5B455BF4E0}.Debug|Any CPU.Build.0 = Debug|Any CPU
		{DC46BF1E-4CC7-416F-B5C3-BA5B455BF4E0}.Debug|x86.ActiveCfg = Debug|x86
		{DC46BF1E-4CC7-416F-B5C3-BA5B455BF4E0}.Debug|x86.Build.0 = Debug|x86
		{DC46BF1E-4CC7-416F-B5C3-BA5B455BF4E0}.Release|Any CPU.ActiveCfg = Release|Any CPU
		{DC46BF1E-4CC7-416F-B5C3-BA5B455BF4E0}.Release|Any CPU.Build.0 = Release|Any CPU
		{DC46BF1E-4CC7-416F-B5C3-BA5B455BF4E0}.Release|x86.ActiveCfg = Release|x86
		{DC46BF1E-4CC7-416F-B5C3-BA5B455BF4E0}.Release|x86.Build.0 = Release|x86
		{4EDBFCFB-A2F6-4E58-A394-B7992CEE8578}.Debug|Any CPU.ActiveCfg = Debug|Any CPU
		{4EDBFCFB-A2F6-4E58-A394-B7992CEE8578}.Debug|Any CPU.Build.0 = Debug|Any CPU
		{4EDBFCFB-A2F6-4E58-A394-B7992CEE8578}.Debug|x86.ActiveCfg = Debug|Any CPU
		{4EDBFCFB-A2F6-4E58-A394-B7992CEE8578}.Release|Any CPU.ActiveCfg = Release|Any CPU
		{4EDBFCFB-A2F6-4E58-A394-B7992CEE8578}.Release|Any CPU.Build.0 = Release|Any CPU
		{4EDBFCFB-A2F6-4E58-A394-B7992CEE8578}.Release|x86.ActiveCfg = Release|Any CPU
		{7652E497-AE00-4961-8FAC-411D3E44202F}.Debug|Any CPU.ActiveCfg = Debug|Any CPU
		{7652E497-AE00-4961-8FAC-411D3E44202F}.Debug|Any CPU.Build.0 = Debug|Any CPU
		{7652E497-AE00-4961-8FAC-411D3E44202F}.Debug|x86.ActiveCfg = Debug|x86
		{7652E497-AE00-4961-8FAC-411D3E44202F}.Debug|x86.Build.0 = Debug|x86
		{7652E497-AE00-4961-8FAC-411D3E44202F}.Release|Any CPU.ActiveCfg = Release|Any CPU
		{7652E497-AE00-4961-8FAC-411D3E44202F}.Release|Any CPU.Build.0 = Release|Any CPU
		{7652E497-AE00-4961-8FAC-411D3E44202F}.Release|x86.ActiveCfg = Release|x86
		{7652E497-AE00-4961-8FAC-411D3E44202F}.Release|x86.Build.0 = Release|x86
		{7C5438A8-EFEB-4A3C-9151-DC43D67FCF49}.Debug|Any CPU.ActiveCfg = Debug|Any CPU
		{7C5438A8-EFEB-4A3C-9151-DC43D67FCF49}.Debug|Any CPU.Build.0 = Debug|Any CPU
		{7C5438A8-EFEB-4A3C-9151-DC43D67FCF49}.Debug|x86.ActiveCfg = Debug|x86
		{7C5438A8-EFEB-4A3C-9151-DC43D67FCF49}.Debug|x86.Build.0 = Debug|x86
		{7C5438A8-EFEB-4A3C-9151-DC43D67FCF49}.Release|Any CPU.ActiveCfg = Release|Any CPU
		{7C5438A8-EFEB-4A3C-9151-DC43D67FCF49}.Release|Any CPU.Build.0 = Release|Any CPU
		{7C5438A8-EFEB-4A3C-9151-DC43D67FCF49}.Release|x86.ActiveCfg = Release|x86
		{7C5438A8-EFEB-4A3C-9151-DC43D67FCF49}.Release|x86.Build.0 = Release|x86
		{DE94FC74-86B0-4177-A170-00A5960A2014}.Debug|Any CPU.ActiveCfg = Debug|Any CPU
		{DE94FC74-86B0-4177-A170-00A5960A2014}.Debug|Any CPU.Build.0 = Debug|Any CPU
		{DE94FC74-86B0-4177-A170-00A5960A2014}.Debug|x86.ActiveCfg = Debug|x86
		{DE94FC74-86B0-4177-A170-00A5960A2014}.Debug|x86.Build.0 = Debug|x86
		{DE94FC74-86B0-4177-A170-00A5960A2014}.Release|Any CPU.ActiveCfg = Release|Any CPU
		{DE94FC74-86B0-4177-A170-00A5960A2014}.Release|Any CPU.Build.0 = Release|Any CPU
		{DE94FC74-86B0-4177-A170-00A5960A2014}.Release|x86.ActiveCfg = Release|x86
		{DE94FC74-86B0-4177-A170-00A5960A2014}.Release|x86.Build.0 = Release|x86
		{5E811465-F3F2-4A8E-B9DA-6CA87F396852}.Debug|Any CPU.ActiveCfg = Debug|Any CPU
		{5E811465-F3F2-4A8E-B9DA-6CA87F396852}.Debug|Any CPU.Build.0 = Debug|Any CPU
		{5E811465-F3F2-4A8E-B9DA-6CA87F396852}.Debug|x86.ActiveCfg = Debug|x86
		{5E811465-F3F2-4A8E-B9DA-6CA87F396852}.Debug|x86.Build.0 = Debug|x86
		{5E811465-F3F2-4A8E-B9DA-6CA87F396852}.Release|Any CPU.ActiveCfg = Release|Any CPU
		{5E811465-F3F2-4A8E-B9DA-6CA87F396852}.Release|Any CPU.Build.0 = Release|Any CPU
		{5E811465-F3F2-4A8E-B9DA-6CA87F396852}.Release|x86.ActiveCfg = Release|x86
		{5E811465-F3F2-4A8E-B9DA-6CA87F396852}.Release|x86.Build.0 = Release|x86
		{65871C34-484B-4F9C-B30A-A80FE6DB3EF2}.Debug|Any CPU.ActiveCfg = Debug|Any CPU
		{65871C34-484B-4F9C-B30A-A80FE6DB3EF2}.Debug|Any CPU.Build.0 = Debug|Any CPU
		{65871C34-484B-4F9C-B30A-A80FE6DB3EF2}.Debug|x86.ActiveCfg = Debug|x86
		{65871C34-484B-4F9C-B30A-A80FE6DB3EF2}.Debug|x86.Build.0 = Debug|x86
		{65871C34-484B-4F9C-B30A-A80FE6DB3EF2}.Release|Any CPU.ActiveCfg = Release|Any CPU
		{65871C34-484B-4F9C-B30A-A80FE6DB3EF2}.Release|Any CPU.Build.0 = Release|Any CPU
		{65871C34-484B-4F9C-B30A-A80FE6DB3EF2}.Release|x86.ActiveCfg = Release|x86
		{65871C34-484B-4F9C-B30A-A80FE6DB3EF2}.Release|x86.Build.0 = Release|x86
		{0067C14F-A8A1-4EEB-B0B6-BB0F86559EBF}.Debug|Any CPU.ActiveCfg = Debug|Any CPU
		{0067C14F-A8A1-4EEB-B0B6-BB0F86559EBF}.Debug|Any CPU.Build.0 = Debug|Any CPU
		{0067C14F-A8A1-4EEB-B0B6-BB0F86559EBF}.Debug|x86.ActiveCfg = Debug|Any CPU
		{0067C14F-A8A1-4EEB-B0B6-BB0F86559EBF}.Release|Any CPU.ActiveCfg = Release|Any CPU
		{0067C14F-A8A1-4EEB-B0B6-BB0F86559EBF}.Release|Any CPU.Build.0 = Release|Any CPU
		{0067C14F-A8A1-4EEB-B0B6-BB0F86559EBF}.Release|x86.ActiveCfg = Release|Any CPU
		{E0A5A9E4-CEFA-453C-8A7F-9CD7F757EDB5}.Debug|Any CPU.ActiveCfg = Debug|Any CPU
		{E0A5A9E4-CEFA-453C-8A7F-9CD7F757EDB5}.Debug|Any CPU.Build.0 = Debug|Any CPU
		{E0A5A9E4-CEFA-453C-8A7F-9CD7F757EDB5}.Debug|x86.ActiveCfg = Debug|x86
		{E0A5A9E4-CEFA-453C-8A7F-9CD7F757EDB5}.Debug|x86.Build.0 = Debug|x86
		{E0A5A9E4-CEFA-453C-8A7F-9CD7F757EDB5}.Release|Any CPU.ActiveCfg = Release|Any CPU
		{E0A5A9E4-CEFA-453C-8A7F-9CD7F757EDB5}.Release|Any CPU.Build.0 = Release|Any CPU
		{E0A5A9E4-CEFA-453C-8A7F-9CD7F757EDB5}.Release|x86.ActiveCfg = Release|x86
		{E0A5A9E4-CEFA-453C-8A7F-9CD7F757EDB5}.Release|x86.Build.0 = Release|x86
	EndGlobalSection
	GlobalSection(SolutionProperties) = preSolution
		HideSolutionNode = FALSE
	EndGlobalSection
	GlobalSection(NestedProjects) = preSolution
		{29E17643-D649-4CC9-AE80-EE012A3E1B5A} = {6B09F32F-A371-4121-B179-04BBBCD7E818}
		{5619A458-D60E-43C2-9C31-D822FE59BFC9} = {6B09F32F-A371-4121-B179-04BBBCD7E818}
		{F43CD69D-B548-4077-9FD7-6BC29B9E3453} = {6B09F32F-A371-4121-B179-04BBBCD7E818}
		{DC46BF1E-4CC7-416F-B5C3-BA5B455BF4E0} = {6B09F32F-A371-4121-B179-04BBBCD7E818}
		{4EDBFCFB-A2F6-4E58-A394-B7992CEE8578} = {6B09F32F-A371-4121-B179-04BBBCD7E818}
		{7652E497-AE00-4961-8FAC-411D3E44202F} = {015A3658-D46B-40F5-B747-B631E1327E7C}
		{7C5438A8-EFEB-4A3C-9151-DC43D67FCF49} = {015A3658-D46B-40F5-B747-B631E1327E7C}
		{DE94FC74-86B0-4177-A170-00A5960A2014} = {015A3658-D46B-40F5-B747-B631E1327E7C}
	EndGlobalSection
EndGlobal
